
Microsoft Visual Studio Solution File, Format Version 11.00
# Visual Studio 2010
Project("{8BC9CEB8-8B4A-11D0-8D11-00A0C91BC942}") = "Lab 10 2", "Lab 10 2\Lab 10 2.vcxproj", "{D853519D-A3F2-45E9-9620-B6E790A2CD79}"
EndProject
Global
	GlobalSection(SolutionConfigurationPlatforms) = preSolution
		Debug|Win32 = Debug|Win32
		Release|Win32 = Release|Win32
	EndGlobalSection
	GlobalSection(ProjectConfigurationPlatforms) = postSolution
		{D853519D-A3F2-45E9-9620-B6E790A2CD79}.Debug|Win32.ActiveCfg = Debug|Win32
		{D853519D-A3F2-45E9-9620-B6E790A2CD79}.Debug|Win32.Build.0 = Debug|Win32
		{D853519D-A3F2-45E9-9620-B6E790A2CD79}.Release|Win32.ActiveCfg = Release|Win32
		{D853519D-A3F2-45E9-9620-B6E790A2CD79}.Release|Win32.Build.0 = Release|Win32
	EndGlobalSection
	GlobalSection(SolutionProperties) = preSolution
		HideSolutionNode = FALSE
	EndGlobalSection
EndGlobal
